
Microsoft Visual Studio Solution File, Format Version 12.00
# Visual Studio Version 17
VisualStudioVersion = 17.4.33213.308
MinimumVisualStudioVersion = 10.0.40219.1
Project("{9A19103F-16F7-4668-BE54-9A1E7A4F7556}") = "ssoClient", "ssoClient\ssoClient.csproj", "{37504061-40D6-45B3-82E0-5DA016DD1E3F}"
EndProject
Project("{9A19103F-16F7-4668-BE54-9A1E7A4F7556}") = "ssoCommon", "ssoCommon\ssoCommon.csproj", "{E7A0D473-7E15-424B-8823-24942AAE90E1}"
EndProject
Project("{2150E333-8FDC-42A3-9474-1A3956D46DE8}") = "test", "test", "{78C6D054-D498-48C6-BE47-0BD08C713579}"
EndProject
Project("{9A19103F-16F7-4668-BE54-9A1E7A4F7556}") = "SSOWeb", "SSOWeb\SSOWeb.csproj", "{F3F73585-3472-40AA-A4AC-026002BA0D4D}"
EndProject
Project("{9A19103F-16F7-4668-BE54-9A1E7A4F7556}") = "SSOBLL", "SSOBLL\SSOBLL.csproj", "{185B7164-AE24-4F06-9098-377FD628830D}"
EndProject
Project("{9A19103F-16F7-4668-BE54-9A1E7A4F7556}") = "Common", "Common\Common.csproj", "{09852AA9-CB4C-480A-BE1D-D7DFDE4E8335}"
EndProject
Project("{9A19103F-16F7-4668-BE54-9A1E7A4F7556}") = "ssoTests3", "ssoTests3\ssoTests3.csproj", "{764542B1-FE27-436F-B0A8-AFDC3173D025}"
EndProject
Project("{9A19103F-16F7-4668-BE54-9A1E7A4F7556}") = "SSOApi", "SSOApi\SSOApi.csproj", "{717D2F90-E91E-4EB1-A25D-AE24504E3956}"
EndProject
Project("{9A19103F-16F7-4668-BE54-9A1E7A4F7556}") = "FreeSqlExtend", "..\FreeSqlExtend\FreeSqlExtend\FreeSqlExtend.csproj", "{D622CDF1-9FF6-4A00-82AF-11569FEDF6C3}"
EndProject
Global
	GlobalSection(SolutionConfigurationPlatforms) = preSolution
		Debug|Any CPU = Debug|Any CPU
		Release|Any CPU = Release|Any CPU
	EndGlobalSection
	GlobalSection(ProjectConfigurationPlatforms) = postSolution
		{37504061-40D6-45B3-82E0-5DA016DD1E3F}.Debug|Any CPU.ActiveCfg = Debug|Any CPU
		{37504061-40D6-45B3-82E0-5DA016DD1E3F}.Debug|Any CPU.Build.0 = Debug|Any CPU
		{37504061-40D6-45B3-82E0-5DA016DD1E3F}.Release|Any CPU.ActiveCfg = Release|Any CPU
		{37504061-40D6-45B3-82E0-5DA016DD1E3F}.Release|Any CPU.Build.0 = Release|Any CPU
		{E7A0D473-7E15-424B-8823-24942AAE90E1}.Debug|Any CPU.ActiveCfg = Debug|Any CPU
		{E7A0D473-7E15-424B-8823-24942AAE90E1}.Debug|Any CPU.Build.0 = Debug|Any CPU
		{E7A0D473-7E15-424B-8823-24942AAE90E1}.Release|Any CPU.ActiveCfg = Release|Any CPU
		{E7A0D473-7E15-424B-8823-24942AAE90E1}.Release|Any CPU.Build.0 = Release|Any CPU
		{F3F73585-3472-40AA-A4AC-026002BA0D4D}.Debug|Any CPU.ActiveCfg = Debug|Any CPU
		{F3F73585-3472-40AA-A4AC-026002BA0D4D}.Debug|Any CPU.Build.0 = Debug|Any CPU
		{F3F73585-3472-40AA-A4AC-026002BA0D4D}.Release|Any CPU.ActiveCfg = Release|Any CPU
		{F3F73585-3472-40AA-A4AC-026002BA0D4D}.Release|Any CPU.Build.0 = Release|Any CPU
		{185B7164-AE24-4F06-9098-377FD628830D}.Debug|Any CPU.ActiveCfg = Debug|Any CPU
		{185B7164-AE24-4F06-9098-377FD628830D}.Debug|Any CPU.Build.0 = Debug|Any CPU
		{185B7164-AE24-4F06-9098-377FD628830D}.Release|Any CPU.ActiveCfg = Release|Any CPU
		{185B7164-AE24-4F06-9098-377FD628830D}.Release|Any CPU.Build.0 = Release|Any CPU
		{09852AA9-CB4C-480A-BE1D-D7DFDE4E8335}.Debug|Any CPU.ActiveCfg = Debug|Any CPU
		{09852AA9-CB4C-480A-BE1D-D7DFDE4E8335}.Debug|Any CPU.Build.0 = Debug|Any CPU
		{09852AA9-CB4C-480A-BE1D-D7DFDE4E8335}.Release|Any CPU.ActiveCfg = Release|Any CPU
		{09852AA9-CB4C-480A-BE1D-D7DFDE4E8335}.Release|Any CPU.Build.0 = Release|Any CPU
		{764542B1-FE27-436F-B0A8-AFDC3173D025}.Debug|Any CPU.ActiveCfg = Debug|Any CPU
		{764542B1-FE27-436F-B0A8-AFDC3173D025}.Debug|Any CPU.Build.0 = Debug|Any CPU
		{764542B1-FE27-436F-B0A8-AFDC3173D025}.Release|Any CPU.ActiveCfg = Release|Any CPU
		{764542B1-FE27-436F-B0A8-AFDC3173D025}.Release|Any CPU.Build.0 = Release|Any CPU
		{717D2F90-E91E-4EB1-A25D-AE24504E3956}.Debug|Any CPU.ActiveCfg = Debug|Any CPU
		{717D2F90-E91E-4EB1-A25D-AE24504E3956}.Debug|Any CPU.Build.0 = Debug|Any CPU
		{717D2F90-E91E-4EB1-A25D-AE24504E3956}.Release|Any CPU.ActiveCfg = Release|Any CPU
		{717D2F90-E91E-4EB1-A25D-AE24504E3956}.Release|Any CPU.Build.0 = Release|Any CPU
		{D622CDF1-9FF6-4A00-82AF-11569FEDF6C3}.Debug|Any CPU.ActiveCfg = Debug|Any CPU
		{D622CDF1-9FF6-4A00-82AF-11569FEDF6C3}.Debug|Any CPU.Build.0 = Debug|Any CPU
		{D622CDF1-9FF6-4A00-82AF-11569FEDF6C3}.Release|Any CPU.ActiveCfg = Release|Any CPU
		{D622CDF1-9FF6-4A00-82AF-11569FEDF6C3}.Release|Any CPU.Build.0 = Release|Any CPU
	EndGlobalSection
	GlobalSection(SolutionProperties) = preSolution
		HideSolutionNode = FALSE
	EndGlobalSection
	GlobalSection(NestedProjects) = preSolution
		{37504061-40D6-45B3-82E0-5DA016DD1E3F} = {78C6D054-D498-48C6-BE47-0BD08C713579}
		{E7A0D473-7E15-424B-8823-24942AAE90E1} = {78C6D054-D498-48C6-BE47-0BD08C713579}
		{D622CDF1-9FF6-4A00-82AF-11569FEDF6C3} = {78C6D054-D498-48C6-BE47-0BD08C713579}
	EndGlobalSection
	GlobalSection(ExtensibilityGlobals) = postSolution
		SolutionGuid = {B43A8EA6-4BDD-4D15-BEF0-7C6736F7880A}
	EndGlobalSection
EndGlobal
